// !$*UTF8*$!
{
	archiveVersion = 1;
	classes = {
	};
	objectVersion = 50;
	objects = {

/* Begin PBXBuildFile section */
		CE47C7A22607944D00BDFA78 /* HapticFeedback.swift in Sources */ = {isa = PBXBuildFile; fileRef = CE47C7A12607944D00BDFA78 /* HapticFeedback.swift */; };
		CE4FDE4C260696B70071E410 /* LocalStorage.swift in Sources */ = {isa = PBXBuildFile; fileRef = CE4FDE4B260696B70071E410 /* LocalStorage.swift */; };
		CE535F822606600D00FA4E83 /* Region.swift in Sources */ = {isa = PBXBuildFile; fileRef = CE535F812606600D00FA4E83 /* Region.swift */; };
		CE5567B726080D4700C579C6 /* ErrorMessage.swift in Sources */ = {isa = PBXBuildFile; fileRef = CE5567B626080D4700C579C6 /* ErrorMessage.swift */; };
		CE5567BC2608100500C579C6 /* PhotoService.swift in Sources */ = {isa = PBXBuildFile; fileRef = CE5567BB2608100500C579C6 /* PhotoService.swift */; };
		CE5567BF260810F600C579C6 /* Endpoints.swift in Sources */ = {isa = PBXBuildFile; fileRef = CE5567BE260810F600C579C6 /* Endpoints.swift */; };
		CE5567C22608181800C579C6 /* PhotoModel.swift in Sources */ = {isa = PBXBuildFile; fileRef = CE5567C12608181800C579C6 /* PhotoModel.swift */; };
		CE5567C526082AA000C579C6 /* PhotoCollectionViewCell.swift in Sources */ = {isa = PBXBuildFile; fileRef = CE5567C426082AA000C579C6 /* PhotoCollectionViewCell.swift */; };
		CEE8F2E5260CB42F005FF46A /* DataController.swift in Sources */ = {isa = PBXBuildFile; fileRef = CEE8F2E4260CB42F005FF46A /* DataController.swift */; };
		CEEEFADB25F1ABE20081A142 /* AppDelegate.swift in Sources */ = {isa = PBXBuildFile; fileRef = CEEEFADA25F1ABE20081A142 /* AppDelegate.swift */; };
		CEEEFADD25F1ABE20081A142 /* SceneDelegate.swift in Sources */ = {isa = PBXBuildFile; fileRef = CEEEFADC25F1ABE20081A142 /* SceneDelegate.swift */; };
		CEEEFADF25F1ABE20081A142 /* MapViewController.swift in Sources */ = {isa = PBXBuildFile; fileRef = CEEEFADE25F1ABE20081A142 /* MapViewController.swift */; };
		CEEEFAE225F1ABE20081A142 /* Main.storyboard in Resources */ = {isa = PBXBuildFile; fileRef = CEEEFAE025F1ABE20081A142 /* Main.storyboard */; };
		CEEEFAE525F1ABE20081A142 /* Virtual_Tourist.xcdatamodeld in Sources */ = {isa = PBXBuildFile; fileRef = CEEEFAE325F1ABE20081A142 /* Virtual_Tourist.xcdatamodeld */; };
		CEEEFAE725F1ABE30081A142 /* Assets.xcassets in Resources */ = {isa = PBXBuildFile; fileRef = CEEEFAE625F1ABE30081A142 /* Assets.xcassets */; };
		CEEEFAEA25F1ABE30081A142 /* LaunchScreen.storyboard in Resources */ = {isa = PBXBuildFile; fileRef = CEEEFAE825F1ABE30081A142 /* LaunchScreen.storyboard */; };
		CEEEFAF625F1B0E00081A142 /* PhotoAlbumViewController.swift in Sources */ = {isa = PBXBuildFile; fileRef = CEEEFAF525F1B0E00081A142 /* PhotoAlbumViewController.swift */; };
		CEEEFAFD25F22A6A0081A142 /* Constants.swift in Sources */ = {isa = PBXBuildFile; fileRef = CEEEFAFC25F22A6A0081A142 /* Constants.swift */; };
/* End PBXBuildFile section */

/* Begin PBXFileReference section */
		CE47C7A12607944D00BDFA78 /* HapticFeedback.swift */ = {isa = PBXFileReference; lastKnownFileType = sourcecode.swift; path = HapticFeedback.swift; sourceTree = "<group>"; };
		CE4FDE4B260696B70071E410 /* LocalStorage.swift */ = {isa = PBXFileReference; lastKnownFileType = sourcecode.swift; path = LocalStorage.swift; sourceTree = "<group>"; };
		CE535F812606600D00FA4E83 /* Region.swift */ = {isa = PBXFileReference; lastKnownFileType = sourcecode.swift; path = Region.swift; sourceTree = "<group>"; };
		CE5567B626080D4700C579C6 /* ErrorMessage.swift */ = {isa = PBXFileReference; lastKnownFileType = sourcecode.swift; path = ErrorMessage.swift; sourceTree = "<group>"; };
		CE5567BB2608100500C579C6 /* PhotoService.swift */ = {isa = PBXFileReference; lastKnownFileType = sourcecode.swift; path = PhotoService.swift; sourceTree = "<group>"; };
		CE5567BE260810F600C579C6 /* Endpoints.swift */ = {isa = PBXFileReference; lastKnownFileType = sourcecode.swift; path = Endpoints.swift; sourceTree = "<group>"; };
		CE5567C12608181800C579C6 /* PhotoModel.swift */ = {isa = PBXFileReference; lastKnownFileType = sourcecode.swift; path = PhotoModel.swift; sourceTree = "<group>"; };
		CE5567C426082AA000C579C6 /* PhotoCollectionViewCell.swift */ = {isa = PBXFileReference; lastKnownFileType = sourcecode.swift; path = PhotoCollectionViewCell.swift; sourceTree = "<group>"; };
		CEE8F2E4260CB42F005FF46A /* DataController.swift */ = {isa = PBXFileReference; lastKnownFileType = sourcecode.swift; path = DataController.swift; sourceTree = "<group>"; };
		CEEEFAD725F1ABE20081A142 /* Virtual Tourist.app */ = {isa = PBXFileReference; explicitFileType = wrapper.application; includeInIndex = 0; path = "Virtual Tourist.app"; sourceTree = BUILT_PRODUCTS_DIR; };
		CEEEFADA25F1ABE20081A142 /* AppDelegate.swift */ = {isa = PBXFileReference; lastKnownFileType = sourcecode.swift; path = AppDelegate.swift; sourceTree = "<group>"; };
		CEEEFADC25F1ABE20081A142 /* SceneDelegate.swift */ = {isa = PBXFileReference; lastKnownFileType = sourcecode.swift; path = SceneDelegate.swift; sourceTree = "<group>"; };
		CEEEFADE25F1ABE20081A142 /* MapViewController.swift */ = {isa = PBXFileReference; lastKnownFileType = sourcecode.swift; path = MapViewController.swift; sourceTree = "<group>"; };
		CEEEFAE125F1ABE20081A142 /* Base */ = {isa = PBXFileReference; lastKnownFileType = file.storyboard; name = Base; path = Base.lproj/Main.storyboard; sourceTree = "<group>"; };
		CEEEFAE425F1ABE20081A142 /* Virtual_Tourist.xcdatamodel */ = {isa = PBXFileReference; lastKnownFileType = wrapper.xcdatamodel; path = Virtual_Tourist.xcdatamodel; sourceTree = "<group>"; };
		CEEEFAE625F1ABE30081A142 /* Assets.xcassets */ = {isa = PBXFileReference; lastKnownFileType = folder.assetcatalog; path = Assets.xcassets; sourceTree = "<group>"; };
		CEEEFAE925F1ABE30081A142 /* Base */ = {isa = PBXFileReference; lastKnownFileType = file.storyboard; name = Base; path = Base.lproj/LaunchScreen.storyboard; sourceTree = "<group>"; };
		CEEEFAEB25F1ABE40081A142 /* Info.plist */ = {isa = PBXFileReference; lastKnownFileType = text.plist.xml; path = Info.plist; sourceTree = "<group>"; };
		CEEEFAF525F1B0E00081A142 /* PhotoAlbumViewController.swift */ = {isa = PBXFileReference; lastKnownFileType = sourcecode.swift; path = PhotoAlbumViewController.swift; sourceTree = "<group>"; };
		CEEEFAFC25F22A6A0081A142 /* Constants.swift */ = {isa = PBXFileReference; lastKnownFileType = sourcecode.swift; path = Constants.swift; sourceTree = "<group>"; };
/* End PBXFileReference section */

/* Begin PBXFrameworksBuildPhase section */
		CEEEFAD425F1ABE20081A142 /* Frameworks */ = {
			isa = PBXFrameworksBuildPhase;
			buildActionMask = 2147483647;
			files = (
			);
			runOnlyForDeploymentPostprocessing = 0;
		};
/* End PBXFrameworksBuildPhase section */

/* Begin PBXGroup section */
		CE4FDE4A2606967D0071E410 /* Repository */ = {
			isa = PBXGroup;
			children = (
				CE4FDE4B260696B70071E410 /* LocalStorage.swift */,
				CE47C7A12607944D00BDFA78 /* HapticFeedback.swift */,
			);
			path = Repository;
			sourceTree = "<group>";
		};
		CE5567B926080F6300C579C6 /* Client */ = {
			isa = PBXGroup;
			children = (
				CE5567BB2608100500C579C6 /* PhotoService.swift */,
				CE5567BE260810F600C579C6 /* Endpoints.swift */,
			);
			path = Client;
			sourceTree = "<group>";
		};
		CE5567BA26080F9500C579C6 /* Requests */ = {
			isa = PBXGroup;
			children = (
				CE535F812606600D00FA4E83 /* Region.swift */,
				CE5567C12608181800C579C6 /* PhotoModel.swift */,
			);
			path = Requests;
			sourceTree = "<group>";
		};
		CEE8F2E3260CB415005FF46A /* LocalStorage */ = {
			isa = PBXGroup;
			children = (
				CEEEFAE325F1ABE20081A142 /* Virtual_Tourist.xcdatamodeld */,
				CEE8F2E4260CB42F005FF46A /* DataController.swift */,
			);
			path = LocalStorage;
			sourceTree = "<group>";
		};
		CEEEFACE25F1ABE20081A142 = {
			isa = PBXGroup;
			children = (
				CEEEFAD925F1ABE20081A142 /* Virtual Tourist */,
				CEEEFAD825F1ABE20081A142 /* Products */,
			);
			sourceTree = "<group>";
		};
		CEEEFAD825F1ABE20081A142 /* Products */ = {
			isa = PBXGroup;
			children = (
				CEEEFAD725F1ABE20081A142 /* Virtual Tourist.app */,
			);
			name = Products;
			sourceTree = "<group>";
		};
		CEEEFAD925F1ABE20081A142 /* Virtual Tourist */ = {
			isa = PBXGroup;
			children = (
				CEEEFAFB25F22A520081A142 /* Utils */,
				CEEEFAFA25F22A370081A142 /* Model */,
				CEEEFAF325F1AD370081A142 /* Controller */,
				CEEEFAF225F1AD240081A142 /* View */,
				CEEEFAEB25F1ABE40081A142 /* Info.plist */,
			);
			path = "Virtual Tourist";
			sourceTree = "<group>";
		};
		CEEEFAF225F1AD240081A142 /* View */ = {
			isa = PBXGroup;
			children = (
				CEEEFAE025F1ABE20081A142 /* Main.storyboard */,
				CEEEFAE625F1ABE30081A142 /* Assets.xcassets */,
				CEEEFAE825F1ABE30081A142 /* LaunchScreen.storyboard */,
				CE5567C426082AA000C579C6 /* PhotoCollectionViewCell.swift */,
			);
			path = View;
			sourceTree = "<group>";
		};
		CEEEFAF325F1AD370081A142 /* Controller */ = {
			isa = PBXGroup;
			children = (
				CE4FDE4A2606967D0071E410 /* Repository */,
				CEEEFADA25F1ABE20081A142 /* AppDelegate.swift */,
				CEEEFADC25F1ABE20081A142 /* SceneDelegate.swift */,
				CEEEFADE25F1ABE20081A142 /* MapViewController.swift */,
				CEEEFAF525F1B0E00081A142 /* PhotoAlbumViewController.swift */,
			);
			path = Controller;
			sourceTree = "<group>";
		};
		CEEEFAFA25F22A370081A142 /* Model */ = {
			isa = PBXGroup;
			children = (
				CEE8F2E3260CB415005FF46A /* LocalStorage */,
				CE5567BA26080F9500C579C6 /* Requests */,
				CE5567B926080F6300C579C6 /* Client */,
			);
			path = Model;
			sourceTree = "<group>";
		};
		CEEEFAFB25F22A520081A142 /* Utils */ = {
			isa = PBXGroup;
			children = (
				CEEEFAFC25F22A6A0081A142 /* Constants.swift */,
				CE5567B626080D4700C579C6 /* ErrorMessage.swift */,
			);
			path = Utils;
			sourceTree = "<group>";
		};
/* End PBXGroup section */

/* Begin PBXNativeTarget section */
		CEEEFAD625F1ABE20081A142 /* Virtual Tourist */ = {
			isa = PBXNativeTarget;
			buildConfigurationList = CEEEFAEE25F1ABE40081A142 /* Build configuration list for PBXNativeTarget "Virtual Tourist" */;
			buildPhases = (
				CEEEFAD325F1ABE20081A142 /* Sources */,
				CEEEFAD425F1ABE20081A142 /* Frameworks */,
				CEEEFAD525F1ABE20081A142 /* Resources */,
			);
			buildRules = (
			);
			dependencies = (
			);
			name = "Virtual Tourist";
			productName = "Virtual Tourist";
			productReference = CEEEFAD725F1ABE20081A142 /* Virtual Tourist.app */;
			productType = "com.apple.product-type.application";
		};
/* End PBXNativeTarget section */

/* Begin PBXProject section */
		CEEEFACF25F1ABE20081A142 /* Project object */ = {
			isa = PBXProject;
			attributes = {
				LastSwiftUpdateCheck = 1240;
				LastUpgradeCheck = 1240;
				TargetAttributes = {
					CEEEFAD625F1ABE20081A142 = {
						CreatedOnToolsVersion = 12.4;
					};
				};
			};
			buildConfigurationList = CEEEFAD225F1ABE20081A142 /* Build configuration list for PBXProject "Virtual Tourist" */;
			compatibilityVersion = "Xcode 9.3";
			developmentRegion = en;
			hasScannedForEncodings = 0;
			knownRegions = (
				en,
				Base,
			);
			mainGroup = CEEEFACE25F1ABE20081A142;
			productRefGroup = CEEEFAD825F1ABE20081A142 /* Products */;
			projectDirPath = "";
			projectRoot = "";
			targets = (
				CEEEFAD625F1ABE20081A142 /* Virtual Tourist */,
			);
		};
/* End PBXProject section */

/* Begin PBXResourcesBuildPhase section */
		CEEEFAD525F1ABE20081A142 /* Resources */ = {
			isa = PBXResourcesBuildPhase;
			buildActionMask = 2147483647;
			files = (
				CEEEFAEA25F1ABE30081A142 /* LaunchScreen.storyboard in Resources */,
				CEEEFAE725F1ABE30081A142 /* Assets.xcassets in Resources */,
				CEEEFAE225F1ABE20081A142 /* Main.storyboard in Resources */,
			);
			runOnlyForDeploymentPostprocessing = 0;
		};
/* End PBXResourcesBuildPhase section */

/* Begin PBXSourcesBuildPhase section */
		CEEEFAD325F1ABE20081A142 /* Sources */ = {
			isa = PBXSourcesBuildPhase;
			buildActionMask = 2147483647;
			files = (
				CEEEFAE525F1ABE20081A142 /* Virtual_Tourist.xcdatamodeld in Sources */,
				CE5567BC2608100500C579C6 /* PhotoService.swift in Sources */,
				CEEEFADF25F1ABE20081A142 /* MapViewController.swift in Sources */,
				CE5567B726080D4700C579C6 /* ErrorMessage.swift in Sources */,
				CEEEFADB25F1ABE20081A142 /* AppDelegate.swift in Sources */,
				CEEEFAF625F1B0E00081A142 /* PhotoAlbumViewController.swift in Sources */,
				CE535F822606600D00FA4E83 /* Region.swift in Sources */,
				CE47C7A22607944D00BDFA78 /* HapticFeedback.swift in Sources */,
				CE4FDE4C260696B70071E410 /* LocalStorage.swift in Sources */,
				CEEEFADD25F1ABE20081A142 /* SceneDelegate.swift in Sources */,
				CEE8F2E5260CB42F005FF46A /* DataController.swift in Sources */,
				CE5567BF260810F600C579C6 /* Endpoints.swift in Sources */,
				CE5567C526082AA000C579C6 /* PhotoCollectionViewCell.swift in Sources */,
				CE5567C22608181800C579C6 /* PhotoModel.swift in Sources */,
				CEEEFAFD25F22A6A0081A142 /* Constants.swift in Sources */,
			);
			runOnlyForDeploymentPostprocessing = 0;
		};
/* End PBXSourcesBuildPhase section */

/* Begin PBXVariantGroup section */
		CEEEFAE025F1ABE20081A142 /* Main.storyboard */ = {
			isa = PBXVariantGroup;
			children = (
				CEEEFAE125F1ABE20081A142 /* Base */,
			);
			name = Main.storyboard;
			sourceTree = "<group>";
		};
		CEEEFAE825F1ABE30081A142 /* LaunchScreen.storyboard */ = {
			isa = PBXVariantGroup;
			children = (
				CEEEFAE925F1ABE30081A142 /* Base */,
			);
			name = LaunchScreen.storyboard;
			sourceTree = "<group>";
		};
/* End PBXVariantGroup section */

/* Begin XCBuildConfiguration section */
		CEEEFAEC25F1ABE40081A142 /* Debug */ = {
			isa = XCBuildConfiguration;
			buildSettings = {
				ALWAYS_SEARCH_USER_PATHS = NO;
				CLANG_ANALYZER_NONNULL = YES;
				CLANG_ANALYZER_NUMBER_OBJECT_CONVERSION = YES_AGGRESSIVE;
				CLANG_CXX_LANGUAGE_STANDARD = "gnu++14";
				CLANG_CXX_LIBRARY = "libc++";
				CLANG_ENABLE_MODULES = YES;
				CLANG_ENABLE_OBJC_ARC = YES;
				CLANG_ENABLE_OBJC_WEAK = YES;
				CLANG_WARN_BLOCK_CAPTURE_AUTORELEASING = YES;
				CLANG_WARN_BOOL_CONVERSION = YES;
				CLANG_WARN_COMMA = YES;
				CLANG_WARN_CONSTANT_CONVERSION = YES;
				CLANG_WARN_DEPRECATED_OBJC_IMPLEMENTATIONS = YES;
				CLANG_WARN_DIRECT_OBJC_ISA_USAGE = YES_ERROR;
				CLANG_WARN_DOCUMENTATION_COMMENTS = YES;
				CLANG_WARN_EMPTY_BODY = YES;
				CLANG_WARN_ENUM_CONVERSION = YES;
				CLANG_WARN_INFINITE_RECURSION = YES;
				CLANG_WARN_INT_CONVERSION = YES;
				CLANG_WARN_NON_LITERAL_NULL_CONVERSION = YES;
				CLANG_WARN_OBJC_IMPLICIT_RETAIN_SELF = YES;
				CLANG_WARN_OBJC_LITERAL_CONVERSION = YES;
				CLANG_WARN_OBJC_ROOT_CLASS = YES_ERROR;
				CLANG_WARN_QUOTED_INCLUDE_IN_FRAMEWORK_HEADER = YES;
				CLANG_WARN_RANGE_LOOP_ANALYSIS = YES;
				CLANG_WARN_STRICT_PROTOTYPES = YES;
				CLANG_WARN_SUSPICIOUS_MOVE = YES;
				CLANG_WARN_UNGUARDED_AVAILABILITY = YES_AGGRESSIVE;
				CLANG_WARN_UNREACHABLE_CODE = YES;
				CLANG_WARN__DUPLICATE_METHOD_MATCH = YES;
				COPY_PHASE_STRIP = NO;
				DEBUG_INFORMATION_FORMAT = dwarf;
				ENABLE_STRICT_OBJC_MSGSEND = YES;
				ENABLE_TESTABILITY = YES;
				GCC_C_LANGUAGE_STANDARD = gnu11;
				GCC_DYNAMIC_NO_PIC = NO;
				GCC_NO_COMMON_BLOCKS = YES;
				GCC_OPTIMIZATION_LEVEL = 0;
				GCC_PREPROCESSOR_DEFINITIONS = (
					"DEBUG=1",
					"$(inherited)",
				);
				GCC_WARN_64_TO_32_BIT_CONVERSION = YES;
				GCC_WARN_ABOUT_RETURN_TYPE = YES_ERROR;
				GCC_WARN_UNDECLARED_SELECTOR = YES;
				GCC_WARN_UNINITIALIZED_AUTOS = YES_AGGRESSIVE;
				GCC_WARN_UNUSED_FUNCTION = YES;
				GCC_WARN_UNUSED_VARIABLE = YES;
				IPHONEOS_DEPLOYMENT_TARGET = 14.4;
				MTL_ENABLE_DEBUG_INFO = INCLUDE_SOURCE;
				MTL_FAST_MATH = YES;
				ONLY_ACTIVE_ARCH = YES;
				SDKROOT = iphoneos;
				SWIFT_ACTIVE_COMPILATION_CONDITIONS = DEBUG;
				SWIFT_OPTIMIZATION_LEVEL = "-Onone";
			};
			name = Debug;
		};
		CEEEFAED25F1ABE40081A142 /* Release */ = {
			isa = XCBuildConfiguration;
			buildSettings = {
				ALWAYS_SEARCH_USER_PATHS = NO;
				CLANG_ANALYZER_NONNULL = YES;
				CLANG_ANALYZER_NUMBER_OBJECT_CONVERSION = YES_AGGRESSIVE;
				CLANG_CXX_LANGUAGE_STANDARD = "gnu++14";
				CLANG_CXX_LIBRARY = "libc++";
				CLANG_ENABLE_MODULES = YES;
				CLANG_ENABLE_OBJC_ARC = YES;
				CLANG_ENABLE_OBJC_WEAK = YES;
				CLANG_WARN_BLOCK_CAPTURE_AUTORELEASING = YES;
				CLANG_WARN_BOOL_CONVERSION = YES;
				CLANG_WARN_COMMA = YES;
				CLANG_WARN_CONSTANT_CONVERSION = YES;
				CLANG_WARN_DEPRECATED_OBJC_IMPLEMENTATIONS = YES;
				CLANG_WARN_DIRECT_OBJC_ISA_USAGE = YES_ERROR;
				CLANG_WARN_DOCUMENTATION_COMMENTS = YES;
				CLANG_WARN_EMPTY_BODY = YES;
				CLANG_WARN_ENUM_CONVERSION = YES;
				CLANG_WARN_INFINITE_RECURSION = YES;
				CLANG_WARN_INT_CONVERSION = YES;
				CLANG_WARN_NON_LITERAL_NULL_CONVERSION = YES;
				CLANG_WARN_OBJC_IMPLICIT_RETAIN_SELF = YES;
				CLANG_WARN_OBJC_LITERAL_CONVERSION = YES;
				CLANG_WARN_OBJC_ROOT_CLASS = YES_ERROR;
				CLANG_WARN_QUOTED_INCLUDE_IN_FRAMEWORK_HEADER = YES;
				CLANG_WARN_RANGE_LOOP_ANALYSIS = YES;
				CLANG_WARN_STRICT_PROTOTYPES = YES;
				CLANG_WARN_SUSPICIOUS_MOVE = YES;
				CLANG_WARN_UNGUARDED_AVAILABILITY = YES_AGGRESSIVE;
				CLANG_WARN_UNREACHABLE_CODE = YES;
				CLANG_WARN__DUPLICATE_METHOD_MATCH = YES;
				COPY_PHASE_STRIP = NO;
				DEBUG_INFORMATION_FORMAT = "dwarf-with-dsym";
				ENABLE_NS_ASSERTIONS = NO;
				ENABLE_STRICT_OBJC_MSGSEND = YES;
				GCC_C_LANGUAGE_STANDARD = gnu11;
				GCC_NO_COMMON_BLOCKS = YES;
				GCC_WARN_64_TO_32_BIT_CONVERSION = YES;
				GCC_WARN_ABOUT_RETURN_TYPE = YES_ERROR;
				GCC_WARN_UNDECLARED_SELECTOR = YES;
				GCC_WARN_UNINITIALIZED_AUTOS = YES_AGGRESSIVE;
				GCC_WARN_UNUSED_FUNCTION = YES;
				GCC_WARN_UNUSED_VARIABLE = YES;
				IPHONEOS_DEPLOYMENT_TARGET = 14.4;
				MTL_ENABLE_DEBUG_INFO = NO;
				MTL_FAST_MATH = YES;
				SDKROOT = iphoneos;
				SWIFT_COMPILATION_MODE = wholemodule;
				SWIFT_OPTIMIZATION_LEVEL = "-O";
				VALIDATE_PRODUCT = YES;
			};
			name = Release;
		};
		CEEEFAEF25F1ABE40081A142 /* Debug */ = {
			isa = XCBuildConfiguration;
			buildSettings = {
				ASSETCATALOG_COMPILER_APPICON_NAME = AppIcon;
				ASSETCATALOG_COMPILER_GLOBAL_ACCENT_COLOR_NAME = AccentColor;
				CODE_SIGN_STYLE = Automatic;
				DEVELOPMENT_TEAM = C8B5KB45S4;
				INFOPLIST_FILE = "Virtual Tourist/Info.plist";
				LD_RUNPATH_SEARCH_PATHS = (
					"$(inherited)",
					"@executable_path/Frameworks",
				);
				PRODUCT_BUNDLE_IDENTIFIER = "com.annulus.Virtual-Tourist";
				PRODUCT_NAME = "$(TARGET_NAME)";
				SWIFT_VERSION = 5.0;
				TARGETED_DEVICE_FAMILY = "1,2";
			};
			name = Debug;
		};
		CEEEFAF025F1ABE40081A142 /* Release */ = {
			isa = XCBuildConfiguration;
			buildSettings = {
				ASSETCATALOG_COMPILER_APPICON_NAME = AppIcon;
				ASSETCATALOG_COMPILER_GLOBAL_ACCENT_COLOR_NAME = AccentColor;
				CODE_SIGN_STYLE = Automatic;
				DEVELOPMENT_TEAM = C8B5KB45S4;
				INFOPLIST_FILE = "Virtual Tourist/Info.plist";
				LD_RUNPATH_SEARCH_PATHS = (
					"$(inherited)",
					"@executable_path/Frameworks",
				);
				PRODUCT_BUNDLE_IDENTIFIER = "com.annulus.Virtual-Tourist";
				PRODUCT_NAME = "$(TARGET_NAME)";
				SWIFT_VERSION = 5.0;
				TARGETED_DEVICE_FAMILY = "1,2";
			};
			name = Release;
		};
/* End XCBuildConfiguration section */

/* Begin XCConfigurationList section */
		CEEEFAD225F1ABE20081A142 /* Build configuration list for PBXProject "Virtual Tourist" */ = {
			isa = XCConfigurationList;
			buildConfigurations = (
				CEEEFAEC25F1ABE40081A142 /* Debug */,
				CEEEFAED25F1ABE40081A142 /* Release */,
			);
			defaultConfigurationIsVisible = 0;
			defaultConfigurationName = Release;
		};
		CEEEFAEE25F1ABE40081A142 /* Build configuration list for PBXNativeTarget "Virtual Tourist" */ = {
			isa = XCConfigurationList;
			buildConfigurations = (
				CEEEFAEF25F1ABE40081A142 /* Debug */,
				CEEEFAF025F1ABE40081A142 /* Release */,
			);
			defaultConfigurationIsVisible = 0;
			defaultConfigurationName = Release;
		};
/* End XCConfigurationList section */

/* Begin XCVersionGroup section */
		CEEEFAE325F1ABE20081A142 /* Virtual_Tourist.xcdatamodeld */ = {
			isa = XCVersionGroup;
			children = (
				CEEEFAE425F1ABE20081A142 /* Virtual_Tourist.xcdatamodel */,
			);
			currentVersion = CEEEFAE425F1ABE20081A142 /* Virtual_Tourist.xcdatamodel */;
			path = Virtual_Tourist.xcdatamodeld;
			sourceTree = "<group>";
			versionGroupType = wrapper.xcdatamodel;
		};
/* End XCVersionGroup section */
	};
	rootObject = CEEEFACF25F1ABE20081A142 /* Project object */;
}
